
Microsoft Visual Studio Solution File, Format Version 12.00
Project("{FAE04EC0-301F-11D3-BF4B-00C04F79EFBC}") = "Some Entity course", "Some Entity course\Some Entity course.csproj", "{BB21D042-C42C-41A2-9568-BAE717762580}"
EndProject
Global
	GlobalSection(SolutionConfigurationPlatforms) = preSolution
		Debug|Any CPU = Debug|Any CPU
		Release|Any CPU = Release|Any CPU
	EndGlobalSection
	GlobalSection(ProjectConfigurationPlatforms) = postSolution
		{BB21D042-C42C-41A2-9568-BAE717762580}.Debug|Any CPU.ActiveCfg = Debug|Any CPU
		{BB21D042-C42C-41A2-9568-BAE717762580}.Debug|Any CPU.Build.0 = Debug|Any CPU
		{BB21D042-C42C-41A2-9568-BAE717762580}.Release|Any CPU.ActiveCfg = Release|Any CPU
		{BB21D042-C42C-41A2-9568-BAE717762580}.Release|Any CPU.Build.0 = Release|Any CPU
	EndGlobalSection
EndGlobal
